
Microsoft Visual Studio Solution File, Format Version 11.00
# Visual C++ Express 2010
Project("{8BC9CEB8-8B4A-11D0-8D11-00A0C91BC942}") = "EET247_LAB_B", "EET247_LAB_B\EET247_LAB_B.vcxproj", "{D63DA227-BC14-403D-B5C2-1772901C3225}"
EndProject
Global
	GlobalSection(SolutionConfigurationPlatforms) = preSolution
		Debug|Win32 = Debug|Win32
		Release|Win32 = Release|Win32
	EndGlobalSection
	GlobalSection(ProjectConfigurationPlatforms) = postSolution
		{D63DA227-BC14-403D-B5C2-1772901C3225}.Debug|Win32.ActiveCfg = Debug|Win32
		{D63DA227-BC14-403D-B5C2-1772901C3225}.Debug|Win32.Build.0 = Debug|Win32
		{D63DA227-BC14-403D-B5C2-1772901C3225}.Release|Win32.ActiveCfg = Release|Win32
		{D63DA227-BC14-403D-B5C2-1772901C3225}.Release|Win32.Build.0 = Release|Win32
	EndGlobalSection
	GlobalSection(SolutionProperties) = preSolution
		HideSolutionNode = FALSE
	EndGlobalSection
EndGlobal
